
Microsoft Visual Studio Solution File, Format Version 12.00
# Visual Studio Version 16
VisualStudioVersion = 25.0.1700.0
MinimumVisualStudioVersion = 10.0.40219.1
Project("{FAE04EC0-301F-11D3-BF4B-00C04F79EFBC}") = "REST_API", "REST_API\REST_API.csproj", "{97F563EC-7907-450A-BBB2-A6B65B8A0735}"
EndProject
Global
	GlobalSection(SolutionConfigurationPlatforms) = preSolution
		Debug|Any CPU = Debug|Any CPU
		Release|Any CPU = Release|Any CPU
	EndGlobalSection
	GlobalSection(ProjectConfigurationPlatforms) = postSolution
		{97F563EC-7907-450A-BBB2-A6B65B8A0735}.Debug|Any CPU.ActiveCfg = Debug|Any CPU
		{97F563EC-7907-450A-BBB2-A6B65B8A0735}.Debug|Any CPU.Build.0 = Debug|Any CPU
		{97F563EC-7907-450A-BBB2-A6B65B8A0735}.Release|Any CPU.ActiveCfg = Release|Any CPU
		{97F563EC-7907-450A-BBB2-A6B65B8A0735}.Release|Any CPU.Build.0 = Release|Any CPU
	EndGlobalSection
	GlobalSection(SolutionProperties) = preSolution
		HideSolutionNode = FALSE
	EndGlobalSection
	GlobalSection(ExtensibilityGlobals) = postSolution
		SolutionGuid = {D2423511-7B7B-4ACE-9018-05CC1796D40B}
	EndGlobalSection
EndGlobal
